
Microsoft Visual Studio Solution File, Format Version 12.00
Project("{FAE04EC0-301F-11D3-BF4B-00C04F79EFBC}") = "PetLyve.API", "PetLyve.API\PetLyve.API.csproj", "{67398E3C-A39E-4E6A-B168-1B384AB2750C}"
EndProject
Project("{FAE04EC0-301F-11D3-BF4B-00C04F79EFBC}") = "PetLyve.Application", "PetLyve.Application\PetLyve.Application.csproj", "{69077956-4BD9-4049-9521-DDD5E922A780}"
EndProject
Project("{FAE04EC0-301F-11D3-BF4B-00C04F79EFBC}") = "PetLyve.Domain", "PetLyve.Domain\PetLyve.Domain.csproj", "{80736039-8446-4B0D-80DB-63ACF774E0E4}"
EndProject
Project("{FAE04EC0-301F-11D3-BF4B-00C04F79EFBC}") = "PetLyve.Infraestructure", "PetLyve.Infraestructure\PetLyve.Infraestructure.csproj", "{7895B0DA-E8A7-4C36-BF06-DB7B8F0F1C2B}"
EndProject
Global
	GlobalSection(SolutionConfigurationPlatforms) = preSolution
		Debug|Any CPU = Debug|Any CPU
		Release|Any CPU = Release|Any CPU
	EndGlobalSection
	GlobalSection(ProjectConfigurationPlatforms) = postSolution
		{67398E3C-A39E-4E6A-B168-1B384AB2750C}.Debug|Any CPU.ActiveCfg = Debug|Any CPU
		{67398E3C-A39E-4E6A-B168-1B384AB2750C}.Debug|Any CPU.Build.0 = Debug|Any CPU
		{67398E3C-A39E-4E6A-B168-1B384AB2750C}.Release|Any CPU.ActiveCfg = Release|Any CPU
		{67398E3C-A39E-4E6A-B168-1B384AB2750C}.Release|Any CPU.Build.0 = Release|Any CPU
		{69077956-4BD9-4049-9521-DDD5E922A780}.Debug|Any CPU.ActiveCfg = Debug|Any CPU
		{69077956-4BD9-4049-9521-DDD5E922A780}.Debug|Any CPU.Build.0 = Debug|Any CPU
		{69077956-4BD9-4049-9521-DDD5E922A780}.Release|Any CPU.ActiveCfg = Release|Any CPU
		{69077956-4BD9-4049-9521-DDD5E922A780}.Release|Any CPU.Build.0 = Release|Any CPU
		{80736039-8446-4B0D-80DB-63ACF774E0E4}.Debug|Any CPU.ActiveCfg = Debug|Any CPU
		{80736039-8446-4B0D-80DB-63ACF774E0E4}.Debug|Any CPU.Build.0 = Debug|Any CPU
		{80736039-8446-4B0D-80DB-63ACF774E0E4}.Release|Any CPU.ActiveCfg = Release|Any CPU
		{80736039-8446-4B0D-80DB-63ACF774E0E4}.Release|Any CPU.Build.0 = Release|Any CPU
		{7895B0DA-E8A7-4C36-BF06-DB7B8F0F1C2B}.Debug|Any CPU.ActiveCfg = Debug|Any CPU
		{7895B0DA-E8A7-4C36-BF06-DB7B8F0F1C2B}.Debug|Any CPU.Build.0 = Debug|Any CPU
		{7895B0DA-E8A7-4C36-BF06-DB7B8F0F1C2B}.Release|Any CPU.ActiveCfg = Release|Any CPU
		{7895B0DA-E8A7-4C36-BF06-DB7B8F0F1C2B}.Release|Any CPU.Build.0 = Release|Any CPU
	EndGlobalSection
EndGlobal
